lockfileVersion: 5.4

specifiers:
  axios: ^0.23.0
  papaparse: ^5.3.2
  playwright: ^1.31.1
  sanitize-filename: ^1.6.3

dependencies:
  axios: 0.23.0
  papaparse: 5.3.2
  playwright: 1.31.1
  sanitize-filename: 1.6.3

packages:

  /axios/0.23.0:
    resolution: {integrity: sha512-NmvAE4i0YAv5cKq8zlDoPd1VLKAqX5oLuZKs8xkJa4qi6RGn0uhCYFjWtHHC9EM/MwOwYWOs53W+V0aqEXq1sg==}
    dependencies:
      follow-redirects: 1.15.2
    transitivePeerDependencies:
      - debug
    dev: false

  /follow-redirects/1.15.2:
    resolution: {integrity: sha512-VQLG33o04KaQ8uYi2tVNbdrWp1QWxNNea+nmIB4EVM28v0hmP17z7aG1+wAkNzVq4KeXTq3221ye5qTJP91JwA==}
    engines: {node: '>=4.0'}
    peerDependencies:
      debug: '*'
    peerDependenciesMeta:
      debug:
        optional: true
    dev: false

  /papaparse/5.3.2:
    resolution: {integrity: sha512-6dNZu0Ki+gyV0eBsFKJhYr+MdQYAzFUGlBMNj3GNrmHxmz1lfRa24CjFObPXtjcetlOv5Ad299MhIK0znp3afw==}
    dev: false

  /playwright-core/1.31.1:
    resolution: {integrity: sha512-JTyX4kV3/LXsvpHkLzL2I36aCdml4zeE35x+G5aPc4bkLsiRiQshU5lWeVpHFAuC8xAcbI6FDcw/8z3q2xtJSQ==}
    engines: {node: '>=14'}
    hasBin: true
    dev: false

  /playwright/1.31.1:
    resolution: {integrity: sha512-zKJabsIA2rvOwJ12lGTqWv4HVJzlfw2JtUvO4hAr7J8UXQZ1qEPpX20E1vcz/9fotnTkwgqp3CVdIBwptBN3Fg==}
    engines: {node: '>=14'}
    hasBin: true
    requiresBuild: true
    dependencies:
      playwright-core: 1.31.1
    dev: false

  /sanitize-filename/1.6.3:
    resolution: {integrity: sha512-y/52Mcy7aw3gRm7IrcGDFx/bCk4AhRh2eI9luHOQM86nZsqwiRkkq2GekHXBBD+SmPidc8i2PqtYZl+pWJ8Oeg==}
    dependencies:
      truncate-utf8-bytes: 1.0.2
    dev: false

  /truncate-utf8-bytes/1.0.2:
    resolution: {integrity: sha512-95Pu1QXQvruGEhv62XCMO3Mm90GscOCClvrIUwCM0PYOXK3kaF3l3sIHxx71ThJfcbM2O5Au6SO3AWCSEfW4mQ==}
    dependencies:
      utf8-byte-length: 1.0.4
    dev: false

  /utf8-byte-length/1.0.4:
    resolution: {integrity: sha512-4+wkEYLBbWxqTahEsWrhxepcoVOJ+1z5PGIjPZxRkytcdSUaNjIjBM7Xn8E+pdSuV7SzvWovBFA54FO0JSoqhA==}
    dev: false
